
Microsoft Visual Studio Solution File, Format Version 12.00
# Visual Studio 15
VisualStudioVersion = 15.0.28307.572
MinimumVisualStudioVersion = 10.0.40219.1
Project("{FAE04EC0-301F-11D3-BF4B-00C04F79EFBC}") = "DSI_FINALPROJECT", "DSI_FINALPROJECT\DSI_FINALPROJECT.csproj", "{80700EE8-2A55-4C18-9D21-86A11C2A8A36}"
EndProject
Global
	GlobalSection(SolutionConfigurationPlatforms) = preSolution
		Debug|ARM = Debug|ARM
		Debug|ARM64 = Debug|ARM64
		Debug|x64 = Debug|x64
		Debug|x86 = Debug|x86
		Release|ARM = Release|ARM
		Release|ARM64 = Release|ARM64
		Release|x64 = Release|x64
		Release|x86 = Release|x86
	EndGlobalSection
	GlobalSection(ProjectConfigurationPlatforms) = postSolution
		{80700EE8-2A55-4C18-9D21-86A11C2A8A36}.Debug|ARM.ActiveCfg = Debug|ARM
		{80700EE8-2A55-4C18-9D21-86A11C2A8A36}.Debug|ARM.Build.0 = Debug|ARM
		{80700EE8-2A55-4C18-9D21-86A11C2A8A36}.Debug|ARM.Deploy.0 = Debug|ARM
		{80700EE8-2A55-4C18-9D21-86A11C2A8A36}.Debug|ARM64.ActiveCfg = Debug|ARM64
		{80700EE8-2A55-4C18-9D21-86A11C2A8A36}.Debug|ARM64.Build.0 = Debug|ARM64
		{80700EE8-2A55-4C18-9D21-86A11C2A8A36}.Debug|ARM64.Deploy.0 = Debug|ARM64
		{80700EE8-2A55-4C18-9D21-86A11C2A8A36}.Debug|x64.ActiveCfg = Debug|x64
		{80700EE8-2A55-4C18-9D21-86A11C2A8A36}.Debug|x64.Build.0 = Debug|x64
		{80700EE8-2A55-4C18-9D21-86A11C2A8A36}.Debug|x64.Deploy.0 = Debug|x64
		{80700EE8-2A55-4C18-9D21-86A11C2A8A36}.Debug|x86.ActiveCfg = Debug|x86
		{80700EE8-2A55-4C18-9D21-86A11C2A8A36}.Debug|x86.Build.0 = Debug|x86
		{80700EE8-2A55-4C18-9D21-86A11C2A8A36}.Debug|x86.Deploy.0 = Debug|x86
		{80700EE8-2A55-4C18-9D21-86A11C2A8A36}.Release|ARM.ActiveCfg = Release|ARM
		{80700EE8-2A55-4C18-9D21-86A11C2A8A36}.Release|ARM.Build.0 = Release|ARM
		{80700EE8-2A55-4C18-9D21-86A11C2A8A36}.Release|ARM.Deploy.0 = Release|ARM
		{80700EE8-2A55-4C18-9D21-86A11C2A8A36}.Release|ARM64.ActiveCfg = Release|ARM64
		{80700EE8-2A55-4C18-9D21-86A11C2A8A36}.Release|ARM64.Build.0 = Release|ARM64
		{80700EE8-2A55-4C18-9D21-86A11C2A8A36}.Release|ARM64.Deploy.0 = Release|ARM64
		{80700EE8-2A55-4C18-9D21-86A11C2A8A36}.Release|x64.ActiveCfg = Release|x64
		{80700EE8-2A55-4C18-9D21-86A11C2A8A36}.Release|x64.Build.0 = Release|x64
		{80700EE8-2A55-4C18-9D21-86A11C2A8A36}.Release|x64.Deploy.0 = Release|x64
		{80700EE8-2A55-4C18-9D21-86A11C2A8A36}.Release|x86.ActiveCfg = Release|x86
		{80700EE8-2A55-4C18-9D21-86A11C2A8A36}.Release|x86.Build.0 = Release|x86
		{80700EE8-2A55-4C18-9D21-86A11C2A8A36}.Release|x86.Deploy.0 = Release|x86
	EndGlobalSection
	GlobalSection(SolutionProperties) = preSolution
		HideSolutionNode = FALSE
	EndGlobalSection
	GlobalSection(ExtensibilityGlobals) = postSolution
		SolutionGuid = {FF1645C9-6FB0-402F-B4A5-CD7BBA0A4FB5}
	EndGlobalSection
EndGlobal
